
Microsoft Visual Studio Solution File, Format Version 12.00
# Visual Studio Version 16
VisualStudioVersion = 16.0.31205.134
MinimumVisualStudioVersion = 10.0.40219.1
Project("{9A19103F-16F7-4668-BE54-9A1E7A4F7556}") = "ReceiverTests", "ReceiverTests\ReceiverTests.csproj", "{8F9FB000-1A6B-418F-A457-B182FB46D649}"
EndProject
Project("{9A19103F-16F7-4668-BE54-9A1E7A4F7556}") = "Receiver", "Receiver\Receiver\Receiver.csproj", "{FF90CC9A-D4AB-431D-952A-4E31F3208A41}"
EndProject
Global
	GlobalSection(SolutionConfigurationPlatforms) = preSolution
		Debug|Any CPU = Debug|Any CPU
		Release|Any CPU = Release|Any CPU
	EndGlobalSection
	GlobalSection(ProjectConfigurationPlatforms) = postSolution
		{8F9FB000-1A6B-418F-A457-B182FB46D649}.Debug|Any CPU.ActiveCfg = Debug|Any CPU
		{8F9FB000-1A6B-418F-A457-B182FB46D649}.Debug|Any CPU.Build.0 = Debug|Any CPU
		{8F9FB000-1A6B-418F-A457-B182FB46D649}.Release|Any CPU.ActiveCfg = Release|Any CPU
		{8F9FB000-1A6B-418F-A457-B182FB46D649}.Release|Any CPU.Build.0 = Release|Any CPU
		{FF90CC9A-D4AB-431D-952A-4E31F3208A41}.Debug|Any CPU.ActiveCfg = Debug|Any CPU
		{FF90CC9A-D4AB-431D-952A-4E31F3208A41}.Debug|Any CPU.Build.0 = Debug|Any CPU
		{FF90CC9A-D4AB-431D-952A-4E31F3208A41}.Release|Any CPU.ActiveCfg = Release|Any CPU
		{FF90CC9A-D4AB-431D-952A-4E31F3208A41}.Release|Any CPU.Build.0 = Release|Any CPU
	EndGlobalSection
	GlobalSection(SolutionProperties) = preSolution
		HideSolutionNode = FALSE
	EndGlobalSection
	GlobalSection(ExtensibilityGlobals) = postSolution
		SolutionGuid = {2269A499-378D-401C-8930-46EE7E818F0F}
	EndGlobalSection
EndGlobal
